
Microsoft Visual Studio Solution File, Format Version 12.00
# Visual Studio Version 17
VisualStudioVersion = 17.1.32421.90
MinimumVisualStudioVersion = 10.0.40219.1
Project("{FAE04EC0-301F-11D3-BF4B-00C04F79EFBC}") = "introduction-to-oop-c-sharp", "introduction-to-oop-c-sharp.csproj", "{9DFCA8B2-39F1-464E-8725-49069BEC96DF}"
EndProject
Global
	GlobalSection(SolutionConfigurationPlatforms) = preSolution
		Debug|Any CPU = Debug|Any CPU
		Release|Any CPU = Release|Any CPU
	EndGlobalSection
	GlobalSection(ProjectConfigurationPlatforms) = postSolution
		{9DFCA8B2-39F1-464E-8725-49069BEC96DF}.Debug|Any CPU.ActiveCfg = Debug|Any CPU
		{9DFCA8B2-39F1-464E-8725-49069BEC96DF}.Debug|Any CPU.Build.0 = Debug|Any CPU
		{9DFCA8B2-39F1-464E-8725-49069BEC96DF}.Release|Any CPU.ActiveCfg = Release|Any CPU
		{9DFCA8B2-39F1-464E-8725-49069BEC96DF}.Release|Any CPU.Build.0 = Release|Any CPU
	EndGlobalSection
	GlobalSection(SolutionProperties) = preSolution
		HideSolutionNode = FALSE
	EndGlobalSection
	GlobalSection(ExtensibilityGlobals) = postSolution
		SolutionGuid = {E27EC3DE-58EC-4827-9F29-32BBDB5B33AE}
	EndGlobalSection
EndGlobal
